// !$*UTF8*$!
{
	archiveVersion = 1;
	classes = {
	};
	objectVersion = 46;
	objects = {

/* Begin PBXBuildFile section */
		6101FC3816E832DC002F4F6D /* white_x.png in Resources */ = {isa = PBXBuildFile; fileRef = 6101FC3616E832DC002F4F6D /* white_x.png */; };
		6101FC3916E832DC002F4F6D /* white_x@2x.png in Resources */ = {isa = PBXBuildFile; fileRef = 6101FC3716E832DC002F4F6D /* white_x@2x.png */; };
		6101FC5416E87B41002F4F6D /* grey_x.png in Resources */ = {isa = PBXBuildFile; fileRef = 6101FC4616E87B41002F4F6D /* grey_x.png */; };
		6101FC5516E87B41002F4F6D /* grey_x@2x.png in Resources */ = {isa = PBXBuildFile; fileRef = 6101FC4716E87B41002F4F6D /* grey_x@2x.png */; };
		611AD0F517728FA000752752 /* icon_new_post@2x.png in Resources */ = {isa = PBXBuildFile; fileRef = 611AD0F417728FA000752752 /* icon_new_post@2x.png */; };
		611B74C11761808200805115 /* QuartzCore.framework in Frameworks */ = {isa = PBXBuildFile; fileRef = 611B74C01761808200805115 /* QuartzCore.framework */; };
		611B74D31761954F00805115 /* back.png in Resources */ = {isa = PBXBuildFile; fileRef = 611B74D21761954F00805115 /* back.png */; };
		611B74D61761955D00805115 /* bars.png in Resources */ = {isa = PBXBuildFile; fileRef = 611B74D41761955D00805115 /* bars.png */; };
		611B74D71761955D00805115 /* bars@2x.png in Resources */ = {isa = PBXBuildFile; fileRef = 611B74D51761955D00805115 /* bars@2x.png */; };
		61271818174F1CAB008B76FF /* SDWebImage.framework in Frameworks */ = {isa = PBXBuildFile; fileRef = 61271817174F1CAB008B76FF /* SDWebImage.framework */; };
		61443A2716DAC17B0061B700 /* UIButton+PD.m in Sources */ = {isa = PBXBuildFile; fileRef = 61443A2616DAC17B0061B700 /* UIButton+PD.m */; };
		61443A2A16DAC1B50061B700 /* button_grey.png in Resources */ = {isa = PBXBuildFile; fileRef = 61443A2816DAC1B50061B700 /* button_grey.png */; };
		61443A2B16DAC1B50061B700 /* button_grey@2x.png in Resources */ = {isa = PBXBuildFile; fileRef = 61443A2916DAC1B50061B700 /* button_grey@2x.png */; };
		61443A2E16DAC6E40061B700 /* button_blue.png in Resources */ = {isa = PBXBuildFile; fileRef = 61443A2C16DAC6E40061B700 /* button_blue.png */; };
		61443A2F16DAC6E40061B700 /* button_blue@2x.png in Resources */ = {isa = PBXBuildFile; fileRef = 61443A2D16DAC6E40061B700 /* button_blue@2x.png */; };
		614D76FC16E489A100FC6120 /* cellbg.png in Resources */ = {isa = PBXBuildFile; fileRef = 614D76FA16E489A100FC6120 /* cellbg.png */; };
		614D76FD16E489A100FC6120 /* cellbg@2x.png in Resources */ = {isa = PBXBuildFile; fileRef = 614D76FB16E489A100FC6120 /* cellbg@2x.png */; };
		615D1249174C88D4005E734A /* AppHelper.m in Sources */ = {isa = PBXBuildFile; fileRef = 615D1248174C88D4005E734A /* AppHelper.m */; };
		615E9C8616B3D00600E9DE76 /* UIColor+PD.m in Sources */ = {isa = PBXBuildFile; fileRef = 615E9C8116B3D00600E9DE76 /* UIColor+PD.m */; };
		615E9C8716B3D00600E9DE76 /* UILabel+PD.m in Sources */ = {isa = PBXBuildFile; fileRef = 615E9C8316B3D00600E9DE76 /* UILabel+PD.m */; };
		615E9C8816B3D00600E9DE76 /* UIView+PD.m in Sources */ = {isa = PBXBuildFile; fileRef = 615E9C8516B3D00600E9DE76 /* UIView+PD.m */; };
		615E9C8E16B451FE00E9DE76 /* FBHelper.m in Sources */ = {isa = PBXBuildFile; fileRef = 615E9C8D16B451FE00E9DE76 /* FBHelper.m */; };
		6162403A1776D4EC00E6B7E6 /* ZKRevealingTableViewCell.m in Sources */ = {isa = PBXBuildFile; fileRef = 616240391776D4EC00E6B7E6 /* ZKRevealingTableViewCell.m */; settings = {COMPILER_FLAGS = "-fobjc-arc"; }; };
		6177999016CB3B5A0091F002 /* PostDetailsView.m in Sources */ = {isa = PBXBuildFile; fileRef = 6177998F16CB3B5A0091F002 /* PostDetailsView.m */; };
		6177999916CB3E490091F002 /* User.m in Sources */ = {isa = PBXBuildFile; fileRef = 6177999816CB3E490091F002 /* User.m */; };
		6177999C16CB3E550091F002 /* Post.m in Sources */ = {isa = PBXBuildFile; fileRef = 6177999B16CB3E550091F002 /* Post.m */; };
		617799A116CB3EEC0091F002 /* TimelineView.m in Sources */ = {isa = PBXBuildFile; fileRef = 617799A016CB3EEC0091F002 /* TimelineView.m */; };
		617BA2BB177187A00096EBB7 /* icon_favorite@2x.png in Resources */ = {isa = PBXBuildFile; fileRef = 617BA2B31771879F0096EBB7 /* icon_favorite@2x.png */; };
		617BA2BC177187A00096EBB7 /* icon_favorite_active@2x.png in Resources */ = {isa = PBXBuildFile; fileRef = 617BA2B41771879F0096EBB7 /* icon_favorite_active@2x.png */; };
		617BA2BD177187A00096EBB7 /* icon_filter@2x.png in Resources */ = {isa = PBXBuildFile; fileRef = 617BA2B51771879F0096EBB7 /* icon_filter@2x.png */; };
		617BA2BE177187A00096EBB7 /* icon_filter_active@2x.png in Resources */ = {isa = PBXBuildFile; fileRef = 617BA2B61771879F0096EBB7 /* icon_filter_active@2x.png */; };
		617BA2BF177187A00096EBB7 /* icon_home@2x.png in Resources */ = {isa = PBXBuildFile; fileRef = 617BA2B71771879F0096EBB7 /* icon_home@2x.png */; };
		617BA2C0177187A00096EBB7 /* icon_home_active@2x.png in Resources */ = {isa = PBXBuildFile; fileRef = 617BA2B81771879F0096EBB7 /* icon_home_active@2x.png */; };
		617BA2C1177187A00096EBB7 /* icon_unread@2x.png in Resources */ = {isa = PBXBuildFile; fileRef = 617BA2B91771879F0096EBB7 /* icon_unread@2x.png */; };
		617BA2C2177187A00096EBB7 /* icon_unread_active@2x.png in Resources */ = {isa = PBXBuildFile; fileRef = 617BA2BA1771879F0096EBB7 /* icon_unread_active@2x.png */; };
		618D7224177955C9006016DA /* icon_edit_filter@2x.png in Resources */ = {isa = PBXBuildFile; fileRef = 618D7222177955C9006016DA /* icon_edit_filter@2x.png */; };
		618D7225177955C9006016DA /* icon_edit_favorite@2x.png in Resources */ = {isa = PBXBuildFile; fileRef = 618D7223177955C9006016DA /* icon_edit_favorite@2x.png */; };
		619CAAC317402B5700403D40 /* ThumbView.m in Sources */ = {isa = PBXBuildFile; fileRef = 619CAAC217402B5700403D40 /* ThumbView.m */; };
		619CAAC71741E54100403D40 /* ImageIO.framework in Frameworks */ = {isa = PBXBuildFile; fileRef = 619CAAC61741E54100403D40 /* ImageIO.framework */; };
		619EDB711774A435004874DF /* icon_is_favorite@2x.png in Resources */ = {isa = PBXBuildFile; fileRef = 619EDB6C1774A435004874DF /* icon_is_favorite@2x.png */; };
		619EDB721774A435004874DF /* icon_has_images@2x.png in Resources */ = {isa = PBXBuildFile; fileRef = 619EDB6D1774A435004874DF /* icon_has_images@2x.png */; };
		619EDB731774A435004874DF /* icon_no_comments@2x.png in Resources */ = {isa = PBXBuildFile; fileRef = 619EDB6E1774A435004874DF /* icon_no_comments@2x.png */; };
		619EDB741774A435004874DF /* icon_has_comments@2x.png in Resources */ = {isa = PBXBuildFile; fileRef = 619EDB6F1774A435004874DF /* icon_has_comments@2x.png */; };
		619EDB751774A435004874DF /* icon_has_unread@2x.png in Resources */ = {isa = PBXBuildFile; fileRef = 619EDB701774A435004874DF /* icon_has_unread@2x.png */; };
		61AD5C4316F04D310059EBA1 /* filter_day.png in Resources */ = {isa = PBXBuildFile; fileRef = 61AD5C3A16F04D310059EBA1 /* filter_day.png */; };
		61AD5C4416F04D310059EBA1 /* filter_day@2x.png in Resources */ = {isa = PBXBuildFile; fileRef = 61AD5C3B16F04D310059EBA1 /* filter_day@2x.png */; };
		61AD5C4516F04D310059EBA1 /* filter_week.png in Resources */ = {isa = PBXBuildFile; fileRef = 61AD5C3C16F04D310059EBA1 /* filter_week.png */; };
		61AD5C4616F04D310059EBA1 /* filter_week@2x.png in Resources */ = {isa = PBXBuildFile; fileRef = 61AD5C3D16F04D310059EBA1 /* filter_week@2x.png */; };
		61AD5C4716F04D310059EBA1 /* filter.png in Resources */ = {isa = PBXBuildFile; fileRef = 61AD5C3E16F04D310059EBA1 /* filter.png */; };
		61AD5C4816F04D310059EBA1 /* filter@2x.png in Resources */ = {isa = PBXBuildFile; fileRef = 61AD5C3F16F04D310059EBA1 /* filter@2x.png */; };
		61AD5C4916F04D310059EBA1 /* filters.png in Resources */ = {isa = PBXBuildFile; fileRef = 61AD5C4016F04D310059EBA1 /* filters.png */; };
		61AD5C4A16F04D310059EBA1 /* visible.png in Resources */ = {isa = PBXBuildFile; fileRef = 61AD5C4116F04D310059EBA1 /* visible.png */; };
		61AD5C4B16F04D310059EBA1 /* visible@2x.png in Resources */ = {isa = PBXBuildFile; fileRef = 61AD5C4216F04D310059EBA1 /* visible@2x.png */; };
		61B43790177E6E98005F26DD /* RevealedView.m in Sources */ = {isa = PBXBuildFile; fileRef = 619F1657177D1E17008D9696 /* RevealedView.m */; };
		61B70CF1179B754300B155FD /* UnreadPostsView.m in Sources */ = {isa = PBXBuildFile; fileRef = 61B70CF0179B754300B155FD /* UnreadPostsView.m */; };
		61BBB73B177C05F200E8649C /* icon_edit_favorite_active@2x.png in Resources */ = {isa = PBXBuildFile; fileRef = 61BBB739177C05F200E8649C /* icon_edit_favorite_active@2x.png */; };
		61BBB73C177C05F200E8649C /* icon_edit_filter_active@2x.png in Resources */ = {isa = PBXBuildFile; fileRef = 61BBB73A177C05F200E8649C /* icon_edit_filter_active@2x.png */; };
		61BE8F2B17962B48007D8FB3 /* LearnMoreView.m in Sources */ = {isa = PBXBuildFile; fileRef = 61BE8F2A17962B48007D8FB3 /* LearnMoreView.m */; };
		61BE8F2F17962E33007D8FB3 /* HeaderView.m in Sources */ = {isa = PBXBuildFile; fileRef = 61BE8F2E17962E33007D8FB3 /* HeaderView.m */; };
		61BED1C8174337A000CF9119 /* MessageUI.framework in Frameworks */ = {isa = PBXBuildFile; fileRef = 61BED1C7174337A000CF9119 /* MessageUI.framework */; };
		61C29C9D16F159AD00331B6D /* FilteredUsersView.m in Sources */ = {isa = PBXBuildFile; fileRef = 61C29C9C16F159AD00331B6D /* FilteredUsersView.m */; };
		61C29CA016F18BA300331B6D /* bg_hr.png in Resources */ = {isa = PBXBuildFile; fileRef = 61C29C9E16F18BA300331B6D /* bg_hr.png */; };
		61C29CA116F18BA300331B6D /* bg_hr@2x.png in Resources */ = {isa = PBXBuildFile; fileRef = 61C29C9F16F18BA300331B6D /* bg_hr@2x.png */; };
		61C29CA516F1A13C00331B6D /* back@2x.png in Resources */ = {isa = PBXBuildFile; fileRef = 61C29CA316F1A13C00331B6D /* back@2x.png */; };
		61C29CAA16F241B400331B6D /* UserAvatarView.m in Sources */ = {isa = PBXBuildFile; fileRef = 61C29CA916F241B400331B6D /* UserAvatarView.m */; };
		61C5E0E016FC38C100B6EDEA /* favorites.png in Resources */ = {isa = PBXBuildFile; fileRef = 61C5E0DE16FC38C100B6EDEA /* favorites.png */; };
		61C5E0E116FC38C100B6EDEA /* favorites@2x.png in Resources */ = {isa = PBXBuildFile; fileRef = 61C5E0DF16FC38C100B6EDEA /* favorites@2x.png */; };
		61C8E58F16B258C10039C109 /* UIKit.framework in Frameworks */ = {isa = PBXBuildFile; fileRef = 61C8E58E16B258C10039C109 /* UIKit.framework */; };
		61C8E59116B258C10039C109 /* Foundation.framework in Frameworks */ = {isa = PBXBuildFile; fileRef = 61C8E59016B258C10039C109 /* Foundation.framework */; };
		61C8E59316B258C10039C109 /* CoreGraphics.framework in Frameworks */ = {isa = PBXBuildFile; fileRef = 61C8E59216B258C10039C109 /* CoreGraphics.framework */; };
		61C8E59916B258C10039C109 /* InfoPlist.strings in Resources */ = {isa = PBXBuildFile; fileRef = 61C8E59716B258C10039C109 /* InfoPlist.strings */; };
		61C8E59B16B258C10039C109 /* main.m in Sources */ = {isa = PBXBuildFile; fileRef = 61C8E59A16B258C10039C109 /* main.m */; };
		61C8E59F16B258C10039C109 /* AppDelegate.m in Sources */ = {isa = PBXBuildFile; fileRef = 61C8E59E16B258C10039C109 /* AppDelegate.m */; };
		61C8E5A116B258C10039C109 /* Default.png in Resources */ = {isa = PBXBuildFile; fileRef = 61C8E5A016B258C10039C109 /* Default.png */; };
		61C8E5A316B258C10039C109 /* Default@2x.png in Resources */ = {isa = PBXBuildFile; fileRef = 61C8E5A216B258C10039C109 /* Default@2x.png */; };
		61C8E5A516B258C10039C109 /* Default-568h@2x.png in Resources */ = {isa = PBXBuildFile; fileRef = 61C8E5A416B258C10039C109 /* Default-568h@2x.png */; };
		61C8E5A816B258C10039C109 /* ViewController.m in Sources */ = {isa = PBXBuildFile; fileRef = 61C8E5A716B258C10039C109 /* ViewController.m */; };
		61C8E5B216B258DB0039C109 /* FacebookSDK.framework in Frameworks */ = {isa = PBXBuildFile; fileRef = 61C8E5B116B258DB0039C109 /* FacebookSDK.framework */; };
		61C8E5B416B259670039C109 /* FacebookSDKResources.bundle in Resources */ = {isa = PBXBuildFile; fileRef = 61C8E5B316B259670039C109 /* FacebookSDKResources.bundle */; };
		61C8E5B616B2597F0039C109 /* Accounts.framework in Frameworks */ = {isa = PBXBuildFile; fileRef = 61C8E5B516B2597F0039C109 /* Accounts.framework */; settings = {ATTRIBUTES = (Weak, ); }; };
		61C8E5B816B259840039C109 /* AdSupport.framework in Frameworks */ = {isa = PBXBuildFile; fileRef = 61C8E5B716B259840039C109 /* AdSupport.framework */; settings = {ATTRIBUTES = (Weak, ); }; };
		61C8E5BA16B259960039C109 /* Social.framework in Frameworks */ = {isa = PBXBuildFile; fileRef = 61C8E5B916B259960039C109 /* Social.framework */; settings = {ATTRIBUTES = (Weak, ); }; };
		61CEB22D178FCDE70079D045 /* UpgradeHeader.m in Sources */ = {isa = PBXBuildFile; fileRef = 61CEB22C178F900A0079D045 /* UpgradeHeader.m */; };
		61D5061216FB68B9002D7E55 /* comment.png in Resources */ = {isa = PBXBuildFile; fileRef = 61D5061016FB68B9002D7E55 /* comment.png */; };
		61D5061316FB68B9002D7E55 /* comment@2x.png in Resources */ = {isa = PBXBuildFile; fileRef = 61D5061116FB68B9002D7E55 /* comment@2x.png */; };
		61D6D20917511E3D00D87558 /* CoreText.framework in Frameworks */ = {isa = PBXBuildFile; fileRef = 61D6D20817511E3D00D87558 /* CoreText.framework */; };
		61D6D20C17511F4E00D87558 /* TTTAttributedLabel.m in Sources */ = {isa = PBXBuildFile; fileRef = 61D6D20B17511F4E00D87558 /* TTTAttributedLabel.m */; };
		61D6D210175127A500D87558 /* TTTAttributedLabelHandler.m in Sources */ = {isa = PBXBuildFile; fileRef = 61D6D20F175127A500D87558 /* TTTAttributedLabelHandler.m */; };
		61D6D2141753E11100D87558 /* AuthView.m in Sources */ = {isa = PBXBuildFile; fileRef = 61D6D2131753E11100D87558 /* AuthView.m */; };
		61D6D21A1753FBFA00D87558 /* auth_header.jpg in Resources */ = {isa = PBXBuildFile; fileRef = 61D6D2191753FBFA00D87558 /* auth_header.jpg */; };
		61E0BE3916E5DA45003C2DC6 /* MCSwipeTableViewCell.m in Sources */ = {isa = PBXBuildFile; fileRef = 61E0BE3816E5DA45003C2DC6 /* MCSwipeTableViewCell.m */; };
		61E0BE4216E5DB03003C2DC6 /* check.png in Resources */ = {isa = PBXBuildFile; fileRef = 61E0BE3A16E5DB03003C2DC6 /* check.png */; };
		61E0BE4316E5DB03003C2DC6 /* check@2x.png in Resources */ = {isa = PBXBuildFile; fileRef = 61E0BE3B16E5DB03003C2DC6 /* check@2x.png */; };
		61E0BE4416E5DB03003C2DC6 /* clock.png in Resources */ = {isa = PBXBuildFile; fileRef = 61E0BE3C16E5DB03003C2DC6 /* clock.png */; };
		61E0BE4516E5DB03003C2DC6 /* clock@2x.png in Resources */ = {isa = PBXBuildFile; fileRef = 61E0BE3D16E5DB03003C2DC6 /* clock@2x.png */; };
		61E0BE4616E5DB03003C2DC6 /* cross.png in Resources */ = {isa = PBXBuildFile; fileRef = 61E0BE3E16E5DB03003C2DC6 /* cross.png */; };
		61E0BE4716E5DB03003C2DC6 /* cross@2x.png in Resources */ = {isa = PBXBuildFile; fileRef = 61E0BE3F16E5DB03003C2DC6 /* cross@2x.png */; };
		61E0BE4816E5DB03003C2DC6 /* list.png in Resources */ = {isa = PBXBuildFile; fileRef = 61E0BE4016E5DB03003C2DC6 /* list.png */; };
		61E0BE4916E5DB03003C2DC6 /* list@2x.png in Resources */ = {isa = PBXBuildFile; fileRef = 61E0BE4116E5DB03003C2DC6 /* list@2x.png */; };
		61E0BE4C16E5E8EA003C2DC6 /* comment_bubble.png in Resources */ = {isa = PBXBuildFile; fileRef = 61E0BE4A16E5E8EA003C2DC6 /* comment_bubble.png */; };
		61E0BE4D16E5E8EA003C2DC6 /* comment_bubble@2x.png in Resources */ = {isa = PBXBuildFile; fileRef = 61E0BE4B16E5E8EA003C2DC6 /* comment_bubble@2x.png */; };
		61E5AA3A16CCBD290068C613 /* NSMutableArray+PD.m in Sources */ = {isa = PBXBuildFile; fileRef = 61E5AA3916CCBD290068C613 /* NSMutableArray+PD.m */; };
		61E5AA3C16CCCC4B0068C613 /* icon114.png in Resources */ = {isa = PBXBuildFile; fileRef = 61E5AA3B16CCCC4B0068C613 /* icon114.png */; };
		61E5AA3E16CCCC500068C613 /* icon57.png in Resources */ = {isa = PBXBuildFile; fileRef = 61E5AA3D16CCCC500068C613 /* icon57.png */; };
		61E5AA4116CDDC880068C613 /* PostCreateView.m in Sources */ = {isa = PBXBuildFile; fileRef = 61E5AA4016CDDC880068C613 /* PostCreateView.m */; };
		61EE9C191730C92E00DF3BD2 /* EditFilterView.m in Sources */ = {isa = PBXBuildFile; fileRef = 61EE9C181730C92E00DF3BD2 /* EditFilterView.m */; };
		61FDBD1416E1112A003CC66F /* UITableViewCell+PD.m in Sources */ = {isa = PBXBuildFile; fileRef = 61FDBD1316E1112A003CC66F /* UITableViewCell+PD.m */; };
		78210F6A16FF7F0F005CAF53 /* FeedHelper.m in Sources */ = {isa = PBXBuildFile; fileRef = 78210F6916FF7F0F005CAF53 /* FeedHelper.m */; };
		78210F6D16FF7F3E005CAF53 /* FavoritesHelper.m in Sources */ = {isa = PBXBuildFile; fileRef = 78210F6C16FF7F3E005CAF53 /* FavoritesHelper.m */; };
		78210F7016FF7F49005CAF53 /* UsersHelper.m in Sources */ = {isa = PBXBuildFile; fileRef = 78210F6F16FF7F49005CAF53 /* UsersHelper.m */; };
		78210F7317000D14005CAF53 /* FilterHelper.m in Sources */ = {isa = PBXBuildFile; fileRef = 78210F7217000D14005CAF53 /* FilterHelper.m */; };
		78210F771702C768005CAF53 /* FavoritesView.m in Sources */ = {isa = PBXBuildFile; fileRef = 78210F761702C768005CAF53 /* FavoritesView.m */; };
/* End PBXBuildFile section */

/* Begin PBXFileReference section */
		6101FC3616E832DC002F4F6D /* white_x.png */ = {isa = PBXFileReference; lastKnownFileType = image.png; path = white_x.png; sourceTree = "<group>"; };
		6101FC3716E832DC002F4F6D /* white_x@2x.png */ = {isa = PBXFileReference; lastKnownFileType = image.png; path = "white_x@2x.png"; sourceTree = "<group>"; };
		6101FC4616E87B41002F4F6D /* grey_x.png */ = {isa = PBXFileReference; lastKnownFileType = image.png; name = grey_x.png; path = FilterStates/grey_x.png; sourceTree = "<group>"; };
		6101FC4716E87B41002F4F6D /* grey_x@2x.png */ = {isa = PBXFileReference; lastKnownFileType = image.png; name = "grey_x@2x.png"; path = "FilterStates/grey_x@2x.png"; sourceTree = "<group>"; };
		611AD0F417728FA000752752 /* icon_new_post@2x.png */ = {isa = PBXFileReference; lastKnownFileType = image.png; path = "icon_new_post@2x.png"; sourceTree = "<group>"; };
		611B74C01761808200805115 /* QuartzCore.framework */ = {isa = PBXFileReference; lastKnownFileType = wrapper.framework; name = QuartzCore.framework; path = System/Library/Frameworks/QuartzCore.framework; sourceTree = SDKROOT; };
		611B74D21761954F00805115 /* back.png */ = {isa = PBXFileReference; lastKnownFileType = image.png; path = back.png; sourceTree = "<group>"; };
		611B74D41761955D00805115 /* bars.png */ = {isa = PBXFileReference; lastKnownFileType = image.png; path = bars.png; sourceTree = "<group>"; };
		611B74D51761955D00805115 /* bars@2x.png */ = {isa = PBXFileReference; lastKnownFileType = image.png; path = "bars@2x.png"; sourceTree = "<group>"; };
		61271817174F1CAB008B76FF /* SDWebImage.framework */ = {isa = PBXFileReference; lastKnownFileType = wrapper.framework; path = SDWebImage.framework; sourceTree = "<group>"; };
		61443A2516DAC17B0061B700 /* UIButton+PD.h */ = {isa = PBXFileReference; fileEncoding = 4; lastKnownFileType = sourcecode.c.h; path = "UIButton+PD.h"; sourceTree = "<group>"; };
		61443A2616DAC17B0061B700 /* UIButton+PD.m */ = {isa = PBXFileReference; fileEncoding = 4; lastKnownFileType = sourcecode.c.objc; path = "UIButton+PD.m"; sourceTree = "<group>"; };
		61443A2816DAC1B50061B700 /* button_grey.png */ = {isa = PBXFileReference; lastKnownFileType = image.png; path = button_grey.png; sourceTree = "<group>"; };
		61443A2916DAC1B50061B700 /* button_grey@2x.png */ = {isa = PBXFileReference; lastKnownFileType = image.png; path = "button_grey@2x.png"; sourceTree = "<group>"; };
		61443A2C16DAC6E40061B700 /* button_blue.png */ = {isa = PBXFileReference; lastKnownFileType = image.png; path = button_blue.png; sourceTree = "<group>"; };
		61443A2D16DAC6E40061B700 /* button_blue@2x.png */ = {isa = PBXFileReference; lastKnownFileType = image.png; path = "button_blue@2x.png"; sourceTree = "<group>"; };
		614D76FA16E489A100FC6120 /* cellbg.png */ = {isa = PBXFileReference; lastKnownFileType = image.png; path = cellbg.png; sourceTree = "<group>"; };
		614D76FB16E489A100FC6120 /* cellbg@2x.png */ = {isa = PBXFileReference; lastKnownFileType = image.png; path = "cellbg@2x.png"; sourceTree = "<group>"; };
		615D1247174C88D4005E734A /* AppHelper.h */ = {isa = PBXFileReference; fileEncoding = 4; lastKnownFileType = sourcecode.c.h; path = AppHelper.h; sourceTree = "<group>"; };
		615D1248174C88D4005E734A /* AppHelper.m */ = {isa = PBXFileReference; fileEncoding = 4; lastKnownFileType = sourcecode.c.objc; path = AppHelper.m; sourceTree = "<group>"; };
		615E9C8016B3D00600E9DE76 /* UIColor+PD.h */ = {isa = PBXFileReference; fileEncoding = 4; lastKnownFileType = sourcecode.c.h; path = "UIColor+PD.h"; sourceTree = "<group>"; };
		615E9C8116B3D00600E9DE76 /* UIColor+PD.m */ = {isa = PBXFileReference; fileEncoding = 4; lastKnownFileType = sourcecode.c.objc; path = "UIColor+PD.m"; sourceTree = "<group>"; };
		615E9C8216B3D00600E9DE76 /* UILabel+PD.h */ = {isa = PBXFileReference; fileEncoding = 4; lastKnownFileType = sourcecode.c.h; path = "UILabel+PD.h"; sourceTree = "<group>"; };
		615E9C8316B3D00600E9DE76 /* UILabel+PD.m */ = {isa = PBXFileReference; fileEncoding = 4; lastKnownFileType = sourcecode.c.objc; path = "UILabel+PD.m"; sourceTree = "<group>"; };
		615E9C8416B3D00600E9DE76 /* UIView+PD.h */ = {isa = PBXFileReference; fileEncoding = 4; lastKnownFileType = sourcecode.c.h; path = "UIView+PD.h"; sourceTree = "<group>"; };
		615E9C8516B3D00600E9DE76 /* UIView+PD.m */ = {isa = PBXFileReference; fileEncoding = 4; lastKnownFileType = sourcecode.c.objc; path = "UIView+PD.m"; sourceTree = "<group>"; };
		615E9C8C16B451FE00E9DE76 /* FBHelper.h */ = {isa = PBXFileReference; fileEncoding = 4; lastKnownFileType = sourcecode.c.h; path = FBHelper.h; sourceTree = "<group>"; };
		615E9C8D16B451FE00E9DE76 /* FBHelper.m */ = {isa = PBXFileReference; fileEncoding = 4; lastKnownFileType = sourcecode.c.objc; path = FBHelper.m; sourceTree = "<group>"; };
		616240381776D4EC00E6B7E6 /* ZKRevealingTableViewCell.h */ = {isa = PBXFileReference; fileEncoding = 4; lastKnownFileType = sourcecode.c.h; path = ZKRevealingTableViewCell.h; sourceTree = "<group>"; };
		616240391776D4EC00E6B7E6 /* ZKRevealingTableViewCell.m */ = {isa = PBXFileReference; fileEncoding = 4; lastKnownFileType = sourcecode.c.objc; path = ZKRevealingTableViewCell.m; sourceTree = "<group>"; };
		6177998E16CB3B5A0091F002 /* PostDetailsView.h */ = {isa = PBXFileReference; fileEncoding = 4; lastKnownFileType = sourcecode.c.h; path = PostDetailsView.h; sourceTree = "<group>"; };
		6177998F16CB3B5A0091F002 /* PostDetailsView.m */ = {isa = PBXFileReference; fileEncoding = 4; lastKnownFileType = sourcecode.c.objc; path = PostDetailsView.m; sourceTree = "<group>"; };
		6177999716CB3E490091F002 /* User.h */ = {isa = PBXFileReference; fileEncoding = 4; lastKnownFileType = sourcecode.c.h; path = User.h; sourceTree = "<group>"; };
		6177999816CB3E490091F002 /* User.m */ = {isa = PBXFileReference; fileEncoding = 4; lastKnownFileType = sourcecode.c.objc; path = User.m; sourceTree = "<group>"; };
		6177999A16CB3E550091F002 /* Post.h */ = {isa = PBXFileReference; fileEncoding = 4; lastKnownFileType = sourcecode.c.h; path = Post.h; sourceTree = "<group>"; };
		6177999B16CB3E550091F002 /* Post.m */ = {isa = PBXFileReference; fileEncoding = 4; lastKnownFileType = sourcecode.c.objc; path = Post.m; sourceTree = "<group>"; };
		6177999F16CB3EEC0091F002 /* TimelineView.h */ = {isa = PBXFileReference; fileEncoding = 4; lastKnownFileType = sourcecode.c.h; path = TimelineView.h; sourceTree = "<group>"; };
		617799A016CB3EEC0091F002 /* TimelineView.m */ = {isa = PBXFileReference; fileEncoding = 4; lastKnownFileType = sourcecode.c.objc; path = TimelineView.m; sourceTree = "<group>"; };
		617BA2B31771879F0096EBB7 /* icon_favorite@2x.png */ = {isa = PBXFileReference; lastKnownFileType = image.png; path = "icon_favorite@2x.png"; sourceTree = "<group>"; };
		617BA2B41771879F0096EBB7 /* icon_favorite_active@2x.png */ = {isa = PBXFileReference; lastKnownFileType = image.png; path = "icon_favorite_active@2x.png"; sourceTree = "<group>"; };
		617BA2B51771879F0096EBB7 /* icon_filter@2x.png */ = {isa = PBXFileReference; lastKnownFileType = image.png; path = "icon_filter@2x.png"; sourceTree = "<group>"; };
		617BA2B61771879F0096EBB7 /* icon_filter_active@2x.png */ = {isa = PBXFileReference; lastKnownFileType = image.png; path = "icon_filter_active@2x.png"; sourceTree = "<group>"; };
		617BA2B71771879F0096EBB7 /* icon_home@2x.png */ = {isa = PBXFileReference; lastKnownFileType = image.png; path = "icon_home@2x.png"; sourceTree = "<group>"; };
		617BA2B81771879F0096EBB7 /* icon_home_active@2x.png */ = {isa = PBXFileReference; lastKnownFileType = image.png; path = "icon_home_active@2x.png"; sourceTree = "<group>"; };
		617BA2B91771879F0096EBB7 /* icon_unread@2x.png */ = {isa = PBXFileReference; lastKnownFileType = image.png; path = "icon_unread@2x.png"; sourceTree = "<group>"; };
		617BA2BA1771879F0096EBB7 /* icon_unread_active@2x.png */ = {isa = PBXFileReference; lastKnownFileType = image.png; path = "icon_unread_active@2x.png"; sourceTree = "<group>"; };
		618D7222177955C9006016DA /* icon_edit_filter@2x.png */ = {isa = PBXFileReference; lastKnownFileType = image.png; path = "icon_edit_filter@2x.png"; sourceTree = "<group>"; };
		618D7223177955C9006016DA /* icon_edit_favorite@2x.png */ = {isa = PBXFileReference; lastKnownFileType = image.png; path = "icon_edit_favorite@2x.png"; sourceTree = "<group>"; };
		619CAAC117402B5700403D40 /* ThumbView.h */ = {isa = PBXFileReference; fileEncoding = 4; lastKnownFileType = sourcecode.c.h; path = ThumbView.h; sourceTree = "<group>"; };
		619CAAC217402B5700403D40 /* ThumbView.m */ = {isa = PBXFileReference; fileEncoding = 4; lastKnownFileType = sourcecode.c.objc; path = ThumbView.m; sourceTree = "<group>"; };
		619CAAC61741E54100403D40 /* ImageIO.framework */ = {isa = PBXFileReference; lastKnownFileType = wrapper.framework; name = ImageIO.framework; path = System/Library/Frameworks/ImageIO.framework; sourceTree = SDKROOT; };
		619EDB6C1774A435004874DF /* icon_is_favorite@2x.png */ = {isa = PBXFileReference; lastKnownFileType = image.png; path = "icon_is_favorite@2x.png"; sourceTree = "<group>"; };
		619EDB6D1774A435004874DF /* icon_has_images@2x.png */ = {isa = PBXFileReference; lastKnownFileType = image.png; path = "icon_has_images@2x.png"; sourceTree = "<group>"; };
		619EDB6E1774A435004874DF /* icon_no_comments@2x.png */ = {isa = PBXFileReference; lastKnownFileType = image.png; path = "icon_no_comments@2x.png"; sourceTree = "<group>"; };
		619EDB6F1774A435004874DF /* icon_has_comments@2x.png */ = {isa = PBXFileReference; lastKnownFileType = image.png; path = "icon_has_comments@2x.png"; sourceTree = "<group>"; };
		619EDB701774A435004874DF /* icon_has_unread@2x.png */ = {isa = PBXFileReference; lastKnownFileType = image.png; path = "icon_has_unread@2x.png"; sourceTree = "<group>"; };
		619F1656177D1E17008D9696 /* RevealedView.h */ = {isa = PBXFileReference; lastKnownFileType = sourcecode.c.h; path = RevealedView.h; sourceTree = "<group>"; };
		619F1657177D1E17008D9696 /* RevealedView.m */ = {isa = PBXFileReference; lastKnownFileType = sourcecode.c.objc; path = RevealedView.m; sourceTree = "<group>"; };
		61AD5C3A16F04D310059EBA1 /* filter_day.png */ = {isa = PBXFileReference; lastKnownFileType = image.png; name = filter_day.png; path = FilterStates/filter_day.png; sourceTree = "<group>"; };
		61AD5C3B16F04D310059EBA1 /* filter_day@2x.png */ = {isa = PBXFileReference; lastKnownFileType = image.png; name = "filter_day@2x.png"; path = "FilterStates/filter_day@2x.png"; sourceTree = "<group>"; };
		61AD5C3C16F04D310059EBA1 /* filter_week.png */ = {isa = PBXFileReference; lastKnownFileType = image.png; name = filter_week.png; path = FilterStates/filter_week.png; sourceTree = "<group>"; };
		61AD5C3D16F04D310059EBA1 /* filter_week@2x.png */ = {isa = PBXFileReference; lastKnownFileType = image.png; name = "filter_week@2x.png"; path = "FilterStates/filter_week@2x.png"; sourceTree = "<group>"; };
		61AD5C3E16F04D310059EBA1 /* filter.png */ = {isa = PBXFileReference; lastKnownFileType = image.png; name = filter.png; path = FilterStates/filter.png; sourceTree = "<group>"; };
		61AD5C3F16F04D310059EBA1 /* filter@2x.png */ = {isa = PBXFileReference; lastKnownFileType = image.png; name = "filter@2x.png"; path = "FilterStates/filter@2x.png"; sourceTree = "<group>"; };
		61AD5C4016F04D310059EBA1 /* filters.png */ = {isa = PBXFileReference; lastKnownFileType = image.png; name = filters.png; path = FilterStates/filters.png; sourceTree = "<group>"; };
		61AD5C4116F04D310059EBA1 /* visible.png */ = {isa = PBXFileReference; lastKnownFileType = image.png; name = visible.png; path = FilterStates/visible.png; sourceTree = "<group>"; };
		61AD5C4216F04D310059EBA1 /* visible@2x.png */ = {isa = PBXFileReference; lastKnownFileType = image.png; name = "visible@2x.png"; path = "FilterStates/visible@2x.png"; sourceTree = "<group>"; };
		61B70CEF179B754300B155FD /* UnreadPostsView.h */ = {isa = PBXFileReference; fileEncoding = 4; lastKnownFileType = sourcecode.c.h; path = UnreadPostsView.h; sourceTree = "<group>"; };
		61B70CF0179B754300B155FD /* UnreadPostsView.m */ = {isa = PBXFileReference; fileEncoding = 4; lastKnownFileType = sourcecode.c.objc; path = UnreadPostsView.m; sourceTree = "<group>"; };
		61BBB739177C05F200E8649C /* icon_edit_favorite_active@2x.png */ = {isa = PBXFileReference; lastKnownFileType = image.png; path = "icon_edit_favorite_active@2x.png"; sourceTree = "<group>"; };
		61BBB73A177C05F200E8649C /* icon_edit_filter_active@2x.png */ = {isa = PBXFileReference; lastKnownFileType = image.png; path = "icon_edit_filter_active@2x.png"; sourceTree = "<group>"; };
		61BE8F2917962B48007D8FB3 /* LearnMoreView.h */ = {isa = PBXFileReference; fileEncoding = 4; lastKnownFileType = sourcecode.c.h; path = LearnMoreView.h; sourceTree = "<group>"; };
		61BE8F2A17962B48007D8FB3 /* LearnMoreView.m */ = {isa = PBXFileReference; fileEncoding = 4; lastKnownFileType = sourcecode.c.objc; path = LearnMoreView.m; sourceTree = "<group>"; };
		61BE8F2D17962E33007D8FB3 /* HeaderView.h */ = {isa = PBXFileReference; fileEncoding = 4; lastKnownFileType = sourcecode.c.h; path = HeaderView.h; sourceTree = "<group>"; };
		61BE8F2E17962E33007D8FB3 /* HeaderView.m */ = {isa = PBXFileReference; fileEncoding = 4; lastKnownFileType = sourcecode.c.objc; path = HeaderView.m; sourceTree = "<group>"; };
		61BED1C7174337A000CF9119 /* MessageUI.framework */ = {isa = PBXFileReference; lastKnownFileType = wrapper.framework; name = MessageUI.framework; path = System/Library/Frameworks/MessageUI.framework; sourceTree = SDKROOT; };
		61C29C9B16F159AD00331B6D /* FilteredUsersView.h */ = {isa = PBXFileReference; fileEncoding = 4; lastKnownFileType = sourcecode.c.h; path = FilteredUsersView.h; sourceTree = "<group>"; };
		61C29C9C16F159AD00331B6D /* FilteredUsersView.m */ = {isa = PBXFileReference; fileEncoding = 4; lastKnownFileType = sourcecode.c.objc; path = FilteredUsersView.m; sourceTree = "<group>"; };
		61C29C9E16F18BA300331B6D /* bg_hr.png */ = {isa = PBXFileReference; lastKnownFileType = image.png; path = bg_hr.png; sourceTree = "<group>"; };
		61C29C9F16F18BA300331B6D /* bg_hr@2x.png */ = {isa = PBXFileReference; lastKnownFileType = image.png; path = "bg_hr@2x.png"; sourceTree = "<group>"; };
		61C29CA316F1A13C00331B6D /* back@2x.png */ = {isa = PBXFileReference; lastKnownFileType = image.png; name = "back@2x.png"; path = "FilterStates/back@2x.png"; sourceTree = "<group>"; };
		61C29CA816F241B400331B6D /* UserAvatarView.h */ = {isa = PBXFileReference; fileEncoding = 4; lastKnownFileType = sourcecode.c.h; path = UserAvatarView.h; sourceTree = "<group>"; };
		61C29CA916F241B400331B6D /* UserAvatarView.m */ = {isa = PBXFileReference; fileEncoding = 4; lastKnownFileType = sourcecode.c.objc; path = UserAvatarView.m; sourceTree = "<group>"; };
		61C5E0DE16FC38C100B6EDEA /* favorites.png */ = {isa = PBXFileReference; lastKnownFileType = image.png; name = favorites.png; path = FilterStates/favorites.png; sourceTree = "<group>"; };
		61C5E0DF16FC38C100B6EDEA /* favorites@2x.png */ = {isa = PBXFileReference; lastKnownFileType = image.png; name = "favorites@2x.png"; path = "FilterStates/favorites@2x.png"; sourceTree = "<group>"; };
		61C8E58A16B258C10039C109 /* Status.app */ = {isa = PBXFileReference; explicitFileType = wrapper.application; includeInIndex = 0; path = Status.app; sourceTree = BUILT_PRODUCTS_DIR; };
		61C8E58E16B258C10039C109 /* UIKit.framework */ = {isa = PBXFileReference; lastKnownFileType = wrapper.framework; name = UIKit.framework; path = System/Library/Frameworks/UIKit.framework; sourceTree = SDKROOT; };
		61C8E59016B258C10039C109 /* Foundation.framework */ = {isa = PBXFileReference; lastKnownFileType = wrapper.framework; name = Foundation.framework; path = System/Library/Frameworks/Foundation.framework; sourceTree = SDKROOT; };
		61C8E59216B258C10039C109 /* CoreGraphics.framework */ = {isa = PBXFileReference; lastKnownFileType = wrapper.framework; name = CoreGraphics.framework; path = System/Library/Frameworks/CoreGraphics.framework; sourceTree = SDKROOT; };
		61C8E59616B258C10039C109 /* Status-Info.plist */ = {isa = PBXFileReference; lastKnownFileType = text.plist.xml; path = "Status-Info.plist"; sourceTree = "<group>"; };
		61C8E59816B258C10039C109 /* en */ = {isa = PBXFileReference; lastKnownFileType = text.plist.strings; name = en; path = en.lproj/InfoPlist.strings; sourceTree = "<group>"; };
		61C8E59A16B258C10039C109 /* main.m */ = {isa = PBXFileReference; lastKnownFileType = sourcecode.c.objc; path = main.m; sourceTree = "<group>"; };
		61C8E59C16B258C10039C109 /* Status-Prefix.pch */ = {isa = PBXFileReference; lastKnownFileType = sourcecode.c.h; path = "Status-Prefix.pch"; sourceTree = "<group>"; };
		61C8E59D16B258C10039C109 /* AppDelegate.h */ = {isa = PBXFileReference; lastKnownFileType = sourcecode.c.h; path = AppDelegate.h; sourceTree = "<group>"; };
		61C8E59E16B258C10039C109 /* AppDelegate.m */ = {isa = PBXFileReference; lastKnownFileType = sourcecode.c.objc; path = AppDelegate.m; sourceTree = "<group>"; };
		61C8E5A016B258C10039C109 /* Default.png */ = {isa = PBXFileReference; lastKnownFileType = image.png; path = Default.png; sourceTree = "<group>"; };
		61C8E5A216B258C10039C109 /* Default@2x.png */ = {isa = PBXFileReference; lastKnownFileType = image.png; path = "Default@2x.png"; sourceTree = "<group>"; };
		61C8E5A416B258C10039C109 /* Default-568h@2x.png */ = {isa = PBXFileReference; lastKnownFileType = image.png; path = "Default-568h@2x.png"; sourceTree = "<group>"; };
		61C8E5A616B258C10039C109 /* ViewController.h */ = {isa = PBXFileReference; lastKnownFileType = sourcecode.c.h; path = ViewController.h; sourceTree = "<group>"; };
		61C8E5A716B258C10039C109 /* ViewController.m */ = {isa = PBXFileReference; lastKnownFileType = sourcecode.c.objc; path = ViewController.m; sourceTree = "<group>"; };
		61C8E5B116B258DB0039C109 /* FacebookSDK.framework */ = {isa = PBXFileReference; lastKnownFileType = wrapper.framework; path = FacebookSDK.framework; sourceTree = "<group>"; };
		61C8E5B316B259670039C109 /* FacebookSDKResources.bundle */ = {isa = PBXFileReference; lastKnownFileType = "wrapper.plug-in"; path = FacebookSDKResources.bundle; sourceTree = "<group>"; };
		61C8E5B516B2597F0039C109 /* Accounts.framework */ = {isa = PBXFileReference; lastKnownFileType = wrapper.framework; name = Accounts.framework; path = System/Library/Frameworks/Accounts.framework; sourceTree = SDKROOT; };
		61C8E5B716B259840039C109 /* AdSupport.framework */ = {isa = PBXFileReference; lastKnownFileType = wrapper.framework; name = AdSupport.framework; path = System/Library/Frameworks/AdSupport.framework; sourceTree = SDKROOT; };
		61C8E5B916B259960039C109 /* Social.framework */ = {isa = PBXFileReference; lastKnownFileType = wrapper.framework; name = Social.framework; path = System/Library/Frameworks/Social.framework; sourceTree = SDKROOT; };
		61CEB22B178F900A0079D045 /* UpgradeHeader.h */ = {isa = PBXFileReference; lastKnownFileType = sourcecode.c.h; path = UpgradeHeader.h; sourceTree = "<group>"; };
		61CEB22C178F900A0079D045 /* UpgradeHeader.m */ = {isa = PBXFileReference; lastKnownFileType = sourcecode.c.objc; path = UpgradeHeader.m; sourceTree = "<group>"; };
		61D5061016FB68B9002D7E55 /* comment.png */ = {isa = PBXFileReference; lastKnownFileType = image.png; name = comment.png; path = FilterStates/comment.png; sourceTree = "<group>"; };
		61D5061116FB68B9002D7E55 /* comment@2x.png */ = {isa = PBXFileReference; lastKnownFileType = image.png; name = "comment@2x.png"; path = "FilterStates/comment@2x.png"; sourceTree = "<group>"; };
		61D6D20817511E3D00D87558 /* CoreText.framework */ = {isa = PBXFileReference; lastKnownFileType = wrapper.framework; name = CoreText.framework; path = System/Library/Frameworks/CoreText.framework; sourceTree = SDKROOT; };
		61D6D20A17511F4E00D87558 /* TTTAttributedLabel.h */ = {isa = PBXFileReference; fileEncoding = 4; lastKnownFileType = sourcecode.c.h; path = TTTAttributedLabel.h; sourceTree = "<group>"; };
		61D6D20B17511F4E00D87558 /* TTTAttributedLabel.m */ = {isa = PBXFileReference; fileEncoding = 4; lastKnownFileType = sourcecode.c.objc; path = TTTAttributedLabel.m; sourceTree = "<group>"; };
		61D6D20E175127A500D87558 /* TTTAttributedLabelHandler.h */ = {isa = PBXFileReference; fileEncoding = 4; lastKnownFileType = sourcecode.c.h; path = TTTAttributedLabelHandler.h; sourceTree = "<group>"; };
		61D6D20F175127A500D87558 /* TTTAttributedLabelHandler.m */ = {isa = PBXFileReference; fileEncoding = 4; lastKnownFileType = sourcecode.c.objc; path = TTTAttributedLabelHandler.m; sourceTree = "<group>"; };
		61D6D2121753E11100D87558 /* AuthView.h */ = {isa = PBXFileReference; fileEncoding = 4; lastKnownFileType = sourcecode.c.h; path = AuthView.h; sourceTree = "<group>"; };
		61D6D2131753E11100D87558 /* AuthView.m */ = {isa = PBXFileReference; fileEncoding = 4; lastKnownFileType = sourcecode.c.objc; path = AuthView.m; sourceTree = "<group>"; };
		61D6D2191753FBFA00D87558 /* auth_header.jpg */ = {isa = PBXFileReference; lastKnownFileType = image.jpeg; path = auth_header.jpg; sourceTree = "<group>"; };
		61E0BE3716E5DA45003C2DC6 /* MCSwipeTableViewCell.h */ = {isa = PBXFileReference; fileEncoding = 4; lastKnownFileType = sourcecode.c.h; path = MCSwipeTableViewCell.h; sourceTree = "<group>"; };
		61E0BE3816E5DA45003C2DC6 /* MCSwipeTableViewCell.m */ = {isa = PBXFileReference; fileEncoding = 4; lastKnownFileType = sourcecode.c.objc; path = MCSwipeTableViewCell.m; sourceTree = "<group>"; };
		61E0BE3A16E5DB03003C2DC6 /* check.png */ = {isa = PBXFileReference; lastKnownFileType = image.png; path = check.png; sourceTree = "<group>"; };
		61E0BE3B16E5DB03003C2DC6 /* check@2x.png */ = {isa = PBXFileReference; lastKnownFileType = image.png; path = "check@2x.png"; sourceTree = "<group>"; };
		61E0BE3C16E5DB03003C2DC6 /* clock.png */ = {isa = PBXFileReference; lastKnownFileType = image.png; path = clock.png; sourceTree = "<group>"; };
		61E0BE3D16E5DB03003C2DC6 /* clock@2x.png */ = {isa = PBXFileReference; lastKnownFileType = image.png; path = "clock@2x.png"; sourceTree = "<group>"; };
		61E0BE3E16E5DB03003C2DC6 /* cross.png */ = {isa = PBXFileReference; lastKnownFileType = image.png; path = cross.png; sourceTree = "<group>"; };
		61E0BE3F16E5DB03003C2DC6 /* cross@2x.png */ = {isa = PBXFileReference; lastKnownFileType = image.png; path = "cross@2x.png"; sourceTree = "<group>"; };
		61E0BE4016E5DB03003C2DC6 /* list.png */ = {isa = PBXFileReference; lastKnownFileType = image.png; path = list.png; sourceTree = "<group>"; };
		61E0BE4116E5DB03003C2DC6 /* list@2x.png */ = {isa = PBXFileReference; lastKnownFileType = image.png; path = "list@2x.png"; sourceTree = "<group>"; };
		61E0BE4A16E5E8EA003C2DC6 /* comment_bubble.png */ = {isa = PBXFileReference; lastKnownFileType = image.png; path = comment_bubble.png; sourceTree = "<group>"; };
		61E0BE4B16E5E8EA003C2DC6 /* comment_bubble@2x.png */ = {isa = PBXFileReference; lastKnownFileType = image.png; path = "comment_bubble@2x.png"; sourceTree = "<group>"; };
		61E5AA3816CCBD290068C613 /* NSMutableArray+PD.h */ = {isa = PBXFileReference; fileEncoding = 4; lastKnownFileType = sourcecode.c.h; path = "NSMutableArray+PD.h"; sourceTree = "<group>"; };
		61E5AA3916CCBD290068C613 /* NSMutableArray+PD.m */ = {isa = PBXFileReference; fileEncoding = 4; lastKnownFileType = sourcecode.c.objc; path = "NSMutableArray+PD.m"; sourceTree = "<group>"; };
		61E5AA3B16CCCC4B0068C613 /* icon114.png */ = {isa = PBXFileReference; lastKnownFileType = image.png; name = icon114.png; path = ../icon114.png; sourceTree = "<group>"; };
		61E5AA3D16CCCC500068C613 /* icon57.png */ = {isa = PBXFileReference; lastKnownFileType = image.png; name = icon57.png; path = ../icon57.png; sourceTree = "<group>"; };
		61E5AA3F16CDDC880068C613 /* PostCreateView.h */ = {isa = PBXFileReference; fileEncoding = 4; lastKnownFileType = sourcecode.c.h; path = PostCreateView.h; sourceTree = "<group>"; };
		61E5AA4016CDDC880068C613 /* PostCreateView.m */ = {isa = PBXFileReference; fileEncoding = 4; lastKnownFileType = sourcecode.c.objc; path = PostCreateView.m; sourceTree = "<group>"; };
		61EE9C171730C92E00DF3BD2 /* EditFilterView.h */ = {isa = PBXFileReference; fileEncoding = 4; lastKnownFileType = sourcecode.c.h; path = EditFilterView.h; sourceTree = "<group>"; };
		61EE9C181730C92E00DF3BD2 /* EditFilterView.m */ = {isa = PBXFileReference; fileEncoding = 4; lastKnownFileType = sourcecode.c.objc; path = EditFilterView.m; sourceTree = "<group>"; };
		61FDBD1216E1112A003CC66F /* UITableViewCell+PD.h */ = {isa = PBXFileReference; fileEncoding = 4; lastKnownFileType = sourcecode.c.h; path = "UITableViewCell+PD.h"; sourceTree = "<group>"; };
		61FDBD1316E1112A003CC66F /* UITableViewCell+PD.m */ = {isa = PBXFileReference; fileEncoding = 4; lastKnownFileType = sourcecode.c.objc; path = "UITableViewCell+PD.m"; sourceTree = "<group>"; };
		78210F6816FF7F0F005CAF53 /* FeedHelper.h */ = {isa = PBXFileReference; fileEncoding = 4; lastKnownFileType = sourcecode.c.h; path = FeedHelper.h; sourceTree = "<group>"; };
		78210F6916FF7F0F005CAF53 /* FeedHelper.m */ = {isa = PBXFileReference; fileEncoding = 4; lastKnownFileType = sourcecode.c.objc; path = FeedHelper.m; sourceTree = "<group>"; };
		78210F6B16FF7F3E005CAF53 /* FavoritesHelper.h */ = {isa = PBXFileReference; fileEncoding = 4; lastKnownFileType = sourcecode.c.h; path = FavoritesHelper.h; sourceTree = "<group>"; };
		78210F6C16FF7F3E005CAF53 /* FavoritesHelper.m */ = {isa = PBXFileReference; fileEncoding = 4; lastKnownFileType = sourcecode.c.objc; path = FavoritesHelper.m; sourceTree = "<group>"; };
		78210F6E16FF7F49005CAF53 /* UsersHelper.h */ = {isa = PBXFileReference; fileEncoding = 4; lastKnownFileType = sourcecode.c.h; path = UsersHelper.h; sourceTree = "<group>"; };
		78210F6F16FF7F49005CAF53 /* UsersHelper.m */ = {isa = PBXFileReference; fileEncoding = 4; lastKnownFileType = sourcecode.c.objc; path = UsersHelper.m; sourceTree = "<group>"; };
		78210F7117000D14005CAF53 /* FilterHelper.h */ = {isa = PBXFileReference; fileEncoding = 4; lastKnownFileType = sourcecode.c.h; path = FilterHelper.h; sourceTree = "<group>"; };
		78210F7217000D14005CAF53 /* FilterHelper.m */ = {isa = PBXFileReference; fileEncoding = 4; lastKnownFileType = sourcecode.c.objc; path = FilterHelper.m; sourceTree = "<group>"; };
		78210F751702C768005CAF53 /* FavoritesView.h */ = {isa = PBXFileReference; fileEncoding = 4; lastKnownFileType = sourcecode.c.h; path = FavoritesView.h; sourceTree = "<group>"; };
		78210F761702C768005CAF53 /* FavoritesView.m */ = {isa = PBXFileReference; fileEncoding = 4; lastKnownFileType = sourcecode.c.objc; path = FavoritesView.m; sourceTree = "<group>"; };
/* End PBXFileReference section */

/* Begin PBXFrameworksBuildPhase section */
		61C8E58716B258C10039C109 /* Frameworks */ = {
			isa = PBXFrameworksBuildPhase;
			buildActionMask = 2147483647;
			files = (
				611B74C11761808200805115 /* QuartzCore.framework in Frameworks */,
				61D6D20917511E3D00D87558 /* CoreText.framework in Frameworks */,
				61BED1C8174337A000CF9119 /* MessageUI.framework in Frameworks */,
				619CAAC71741E54100403D40 /* ImageIO.framework in Frameworks */,
				61C8E5BA16B259960039C109 /* Social.framework in Frameworks */,
				61C8E5B816B259840039C109 /* AdSupport.framework in Frameworks */,
				61C8E5B616B2597F0039C109 /* Accounts.framework in Frameworks */,
				61C8E58F16B258C10039C109 /* UIKit.framework in Frameworks */,
				61C8E59116B258C10039C109 /* Foundation.framework in Frameworks */,
				61C8E59316B258C10039C109 /* CoreGraphics.framework in Frameworks */,
				61C8E5B216B258DB0039C109 /* FacebookSDK.framework in Frameworks */,
				61271818174F1CAB008B76FF /* SDWebImage.framework in Frameworks */,
			);
			runOnlyForDeploymentPostprocessing = 0;
		};
/* End PBXFrameworksBuildPhase section */

/* Begin PBXGroup section */
		6101FC3216E82F1B002F4F6D /* - Edit Filter */ = {
			isa = PBXGroup;
			children = (
				61EE9C171730C92E00DF3BD2 /* EditFilterView.h */,
				61EE9C181730C92E00DF3BD2 /* EditFilterView.m */,
			);
			name = "- Edit Filter";
			sourceTree = "<group>";
		};
		615E9C8A16B4509900E9DE76 /* Categories */ = {
			isa = PBXGroup;
			children = (
				615E9C8016B3D00600E9DE76 /* UIColor+PD.h */,
				615E9C8116B3D00600E9DE76 /* UIColor+PD.m */,
				615E9C8216B3D00600E9DE76 /* UILabel+PD.h */,
				615E9C8316B3D00600E9DE76 /* UILabel+PD.m */,
				615E9C8416B3D00600E9DE76 /* UIView+PD.h */,
				615E9C8516B3D00600E9DE76 /* UIView+PD.m */,
				61E5AA3816CCBD290068C613 /* NSMutableArray+PD.h */,
				61E5AA3916CCBD290068C613 /* NSMutableArray+PD.m */,
				61443A2516DAC17B0061B700 /* UIButton+PD.h */,
				61443A2616DAC17B0061B700 /* UIButton+PD.m */,
				61FDBD1216E1112A003CC66F /* UITableViewCell+PD.h */,
				61FDBD1316E1112A003CC66F /* UITableViewCell+PD.m */,
			);
			name = Categories;
			sourceTree = "<group>";
		};
		615E9C8B16B451C000E9DE76 /* Helpers */ = {
			isa = PBXGroup;
			children = (
				615E9C8C16B451FE00E9DE76 /* FBHelper.h */,
				615E9C8D16B451FE00E9DE76 /* FBHelper.m */,
				78210F6816FF7F0F005CAF53 /* FeedHelper.h */,
				78210F6916FF7F0F005CAF53 /* FeedHelper.m */,
				78210F6B16FF7F3E005CAF53 /* FavoritesHelper.h */,
				78210F6C16FF7F3E005CAF53 /* FavoritesHelper.m */,
				78210F6E16FF7F49005CAF53 /* UsersHelper.h */,
				78210F6F16FF7F49005CAF53 /* UsersHelper.m */,
				78210F7117000D14005CAF53 /* FilterHelper.h */,
				78210F7217000D14005CAF53 /* FilterHelper.m */,
				615D1247174C88D4005E734A /* AppHelper.h */,
				615D1248174C88D4005E734A /* AppHelper.m */,
			);
			name = Helpers;
			sourceTree = "<group>";
		};
		616240371776D4EC00E6B7E6 /* ZKRevealingTableViewCell */ = {
			isa = PBXGroup;
			children = (
				616240381776D4EC00E6B7E6 /* ZKRevealingTableViewCell.h */,
				616240391776D4EC00E6B7E6 /* ZKRevealingTableViewCell.m */,
			);
			name = ZKRevealingTableViewCell;
			path = vendor;
			sourceTree = "<group>";
		};
		6177999116CB3B5E0091F002 /* PostDetailsView */ = {
			isa = PBXGroup;
			children = (
				6177998E16CB3B5A0091F002 /* PostDetailsView.h */,
				6177998F16CB3B5A0091F002 /* PostDetailsView.m */,
			);
			name = PostDetailsView;
			sourceTree = "<group>";
		};
		6177999216CB3B680091F002 /* RootVC */ = {
			isa = PBXGroup;
			children = (
				61C8E5A616B258C10039C109 /* ViewController.h */,
				61C8E5A716B258C10039C109 /* ViewController.m */,
			);
			name = RootVC;
			sourceTree = "<group>";
		};
		6177999D16CB3E5E0091F002 /* User */ = {
			isa = PBXGroup;
			children = (
				6177999716CB3E490091F002 /* User.h */,
				6177999816CB3E490091F002 /* User.m */,
			);
			name = User;
			sourceTree = "<group>";
		};
		6177999E16CB3E6E0091F002 /* Post */ = {
			isa = PBXGroup;
			children = (
				6177999A16CB3E550091F002 /* Post.h */,
				6177999B16CB3E550091F002 /* Post.m */,
			);
			name = Post;
			sourceTree = "<group>";
		};
		617799A216CB3EF00091F002 /* TimelineView */ = {
			isa = PBXGroup;
			children = (
				6177999F16CB3EEC0091F002 /* TimelineView.h */,
				617799A016CB3EEC0091F002 /* TimelineView.m */,
				619F1656177D1E17008D9696 /* RevealedView.h */,
				619F1657177D1E17008D9696 /* RevealedView.m */,
				61CEB22B178F900A0079D045 /* UpgradeHeader.h */,
				61CEB22C178F900A0079D045 /* UpgradeHeader.m */,
			);
			name = TimelineView;
			sourceTree = "<group>";
		};
		617BA2B21771879F0096EBB7 /* icons */ = {
			isa = PBXGroup;
			children = (
				618D7223177955C9006016DA /* icon_edit_favorite@2x.png */,
				61BBB739177C05F200E8649C /* icon_edit_favorite_active@2x.png */,
				618D7222177955C9006016DA /* icon_edit_filter@2x.png */,
				61BBB73A177C05F200E8649C /* icon_edit_filter_active@2x.png */,
				617BA2B31771879F0096EBB7 /* icon_favorite@2x.png */,
				617BA2B41771879F0096EBB7 /* icon_favorite_active@2x.png */,
				617BA2B51771879F0096EBB7 /* icon_filter@2x.png */,
				617BA2B61771879F0096EBB7 /* icon_filter_active@2x.png */,
				619EDB6F1774A435004874DF /* icon_has_comments@2x.png */,
				619EDB6D1774A435004874DF /* icon_has_images@2x.png */,
				619EDB701774A435004874DF /* icon_has_unread@2x.png */,
				617BA2B71771879F0096EBB7 /* icon_home@2x.png */,
				617BA2B81771879F0096EBB7 /* icon_home_active@2x.png */,
				619EDB6C1774A435004874DF /* icon_is_favorite@2x.png */,
				611AD0F417728FA000752752 /* icon_new_post@2x.png */,
				619EDB6E1774A435004874DF /* icon_no_comments@2x.png */,
				617BA2B91771879F0096EBB7 /* icon_unread@2x.png */,
				617BA2BA1771879F0096EBB7 /* icon_unread_active@2x.png */,
			);
			path = icons;
			sourceTree = "<group>";
		};
		619CAAC017402B3E00403D40 /* ThumbView */ = {
			isa = PBXGroup;
			children = (
				619CAAC117402B5700403D40 /* ThumbView.h */,
				619CAAC217402B5700403D40 /* ThumbView.m */,
			);
			name = ThumbView;
			sourceTree = "<group>";
		};
		61B70CEE179B74F500B155FD /* Unread Posts Lists */ = {
			isa = PBXGroup;
			children = (
				61B70CEF179B754300B155FD /* UnreadPostsView.h */,
				61B70CF0179B754300B155FD /* UnreadPostsView.m */,
			);
			name = "Unread Posts Lists";
			sourceTree = "<group>";
		};
		61BE8F2817962AF9007D8FB3 /* Learn More */ = {
			isa = PBXGroup;
			children = (
				61BE8F2917962B48007D8FB3 /* LearnMoreView.h */,
				61BE8F2A17962B48007D8FB3 /* LearnMoreView.m */,
			);
			name = "Learn More";
			sourceTree = "<group>";
		};
		61BE8F2C17962DF9007D8FB3 /* HeaderView */ = {
			isa = PBXGroup;
			children = (
				61BE8F2D17962E33007D8FB3 /* HeaderView.h */,
				61BE8F2E17962E33007D8FB3 /* HeaderView.m */,
			);
			name = HeaderView;
			sourceTree = "<group>";
		};
		61C29C9A16F1599A00331B6D /* - Filtered Users List */ = {
			isa = PBXGroup;
			children = (
				61C29C9B16F159AD00331B6D /* FilteredUsersView.h */,
				61C29C9C16F159AD00331B6D /* FilteredUsersView.m */,
				6101FC3216E82F1B002F4F6D /* - Edit Filter */,
			);
			name = "- Filtered Users List";
			sourceTree = "<group>";
		};
		61C29CA616F1A14100331B6D /* Images */ = {
			isa = PBXGroup;
			children = (
				617BA2B21771879F0096EBB7 /* icons */,
				61D6D2191753FBFA00D87558 /* auth_header.jpg */,
				61443A2816DAC1B50061B700 /* button_grey.png */,
				61443A2916DAC1B50061B700 /* button_grey@2x.png */,
				61443A2C16DAC6E40061B700 /* button_blue.png */,
				61443A2D16DAC6E40061B700 /* button_blue@2x.png */,
				614D76FA16E489A100FC6120 /* cellbg.png */,
				614D76FB16E489A100FC6120 /* cellbg@2x.png */,
				61C29C9E16F18BA300331B6D /* bg_hr.png */,
				61C29C9F16F18BA300331B6D /* bg_hr@2x.png */,
				61C5E0DE16FC38C100B6EDEA /* favorites.png */,
				61C5E0DF16FC38C100B6EDEA /* favorites@2x.png */,
				61E5AA3D16CCCC500068C613 /* icon57.png */,
				61E5AA3B16CCCC4B0068C613 /* icon114.png */,
				61AD5C3A16F04D310059EBA1 /* filter_day.png */,
				61AD5C3B16F04D310059EBA1 /* filter_day@2x.png */,
				61AD5C3C16F04D310059EBA1 /* filter_week.png */,
				61AD5C3D16F04D310059EBA1 /* filter_week@2x.png */,
				61AD5C3E16F04D310059EBA1 /* filter.png */,
				61AD5C3F16F04D310059EBA1 /* filter@2x.png */,
				61AD5C4016F04D310059EBA1 /* filters.png */,
				61AD5C4116F04D310059EBA1 /* visible.png */,
				61AD5C4216F04D310059EBA1 /* visible@2x.png */,
				61D5061016FB68B9002D7E55 /* comment.png */,
				61D5061116FB68B9002D7E55 /* comment@2x.png */,
				6101FC4616E87B41002F4F6D /* grey_x.png */,
				6101FC4716E87B41002F4F6D /* grey_x@2x.png */,
				611B74D41761955D00805115 /* bars.png */,
				611B74D51761955D00805115 /* bars@2x.png */,
				611B74D21761954F00805115 /* back.png */,
				61C29CA316F1A13C00331B6D /* back@2x.png */,
			);
			name = Images;
			sourceTree = "<group>";
		};
		61C29CA716F2419F00331B6D /* UserAvatarView */ = {
			isa = PBXGroup;
			children = (
				61C29CA816F241B400331B6D /* UserAvatarView.h */,
				61C29CA916F241B400331B6D /* UserAvatarView.m */,
			);
			name = UserAvatarView;
			sourceTree = "<group>";
		};
		61C8E57F16B258C10039C109 = {
			isa = PBXGroup;
			children = (
				61C8E59416B258C10039C109 /* Status */,
				61C8E58D16B258C10039C109 /* Frameworks */,
				61C8E58B16B258C10039C109 /* Products */,
			);
			sourceTree = "<group>";
		};
		61C8E58B16B258C10039C109 /* Products */ = {
			isa = PBXGroup;
			children = (
				61C8E58A16B258C10039C109 /* Status.app */,
			);
			name = Products;
			sourceTree = "<group>";
		};
		61C8E58D16B258C10039C109 /* Frameworks */ = {
			isa = PBXGroup;
			children = (
				611B74C01761808200805115 /* QuartzCore.framework */,
				61D6D20817511E3D00D87558 /* CoreText.framework */,
				61271817174F1CAB008B76FF /* SDWebImage.framework */,
				61BED1C7174337A000CF9119 /* MessageUI.framework */,
				619CAAC61741E54100403D40 /* ImageIO.framework */,
				61C8E5B916B259960039C109 /* Social.framework */,
				61C8E5B716B259840039C109 /* AdSupport.framework */,
				61C8E5B516B2597F0039C109 /* Accounts.framework */,
				61C8E5B316B259670039C109 /* FacebookSDKResources.bundle */,
				61C8E5B116B258DB0039C109 /* FacebookSDK.framework */,
				61C8E58E16B258C10039C109 /* UIKit.framework */,
				61C8E59016B258C10039C109 /* Foundation.framework */,
				61C8E59216B258C10039C109 /* CoreGraphics.framework */,
			);
			name = Frameworks;
			sourceTree = "<group>";
		};
		61C8E59416B258C10039C109 /* Status */ = {
			isa = PBXGroup;
			children = (
				61C29CA616F1A14100331B6D /* Images */,
				61C8E59516B258C10039C109 /* Supporting Files */,
				615E9C8A16B4509900E9DE76 /* Categories */,
				615E9C8B16B451C000E9DE76 /* Helpers */,
				6177999216CB3B680091F002 /* RootVC */,
				61D6D2111753E0ED00D87558 /* AuthView */,
				617799A216CB3EF00091F002 /* TimelineView */,
				619CAAC017402B3E00403D40 /* ThumbView */,
				6177999E16CB3E6E0091F002 /* Post */,
				6177999116CB3B5E0091F002 /* PostDetailsView */,
				61E5AA4216CDDC8D0068C613 /* PostCreateView */,
				61B70CEE179B74F500B155FD /* Unread Posts Lists */,
				6177999D16CB3E5E0091F002 /* User */,
				78210F741702C5CC005CAF53 /* - Favorite Users List */,
				61C29C9A16F1599A00331B6D /* - Filtered Users List */,
				61C29CA716F2419F00331B6D /* UserAvatarView */,
				61BE8F2C17962DF9007D8FB3 /* HeaderView */,
				61BE8F2817962AF9007D8FB3 /* Learn More */,
			);
			path = Status;
			sourceTree = "<group>";
		};
		61C8E59516B258C10039C109 /* Supporting Files */ = {
			isa = PBXGroup;
			children = (
				616240371776D4EC00E6B7E6 /* ZKRevealingTableViewCell */,
				61E0BE3616E5DA45003C2DC6 /* MCSwipeTableViewCell */,
				61D6D20D17511F5100D87558 /* TTAttributedLabel */,
				61C8E59D16B258C10039C109 /* AppDelegate.h */,
				61C8E59E16B258C10039C109 /* AppDelegate.m */,
				61C8E59C16B258C10039C109 /* Status-Prefix.pch */,
				61C8E59616B258C10039C109 /* Status-Info.plist */,
				61C8E59716B258C10039C109 /* InfoPlist.strings */,
				61C8E59A16B258C10039C109 /* main.m */,
				61C8E5A016B258C10039C109 /* Default.png */,
				61C8E5A216B258C10039C109 /* Default@2x.png */,
				61C8E5A416B258C10039C109 /* Default-568h@2x.png */,
			);
			name = "Supporting Files";
			sourceTree = "<group>";
		};
		61D6D20D17511F5100D87558 /* TTAttributedLabel */ = {
			isa = PBXGroup;
			children = (
				61D6D20A17511F4E00D87558 /* TTTAttributedLabel.h */,
				61D6D20B17511F4E00D87558 /* TTTAttributedLabel.m */,
				61D6D20E175127A500D87558 /* TTTAttributedLabelHandler.h */,
				61D6D20F175127A500D87558 /* TTTAttributedLabelHandler.m */,
			);
			name = TTAttributedLabel;
			sourceTree = "<group>";
		};
		61D6D2111753E0ED00D87558 /* AuthView */ = {
			isa = PBXGroup;
			children = (
				61D6D2121753E11100D87558 /* AuthView.h */,
				61D6D2131753E11100D87558 /* AuthView.m */,
			);
			name = AuthView;
			sourceTree = "<group>";
		};
		61E0BE3616E5DA45003C2DC6 /* MCSwipeTableViewCell */ = {
			isa = PBXGroup;
			children = (
				6101FC3616E832DC002F4F6D /* white_x.png */,
				6101FC3716E832DC002F4F6D /* white_x@2x.png */,
				61E0BE3A16E5DB03003C2DC6 /* check.png */,
				61E0BE3B16E5DB03003C2DC6 /* check@2x.png */,
				61E0BE3C16E5DB03003C2DC6 /* clock.png */,
				61E0BE3D16E5DB03003C2DC6 /* clock@2x.png */,
				61E0BE3E16E5DB03003C2DC6 /* cross.png */,
				61E0BE3F16E5DB03003C2DC6 /* cross@2x.png */,
				61E0BE4016E5DB03003C2DC6 /* list.png */,
				61E0BE4A16E5E8EA003C2DC6 /* comment_bubble.png */,
				61E0BE4B16E5E8EA003C2DC6 /* comment_bubble@2x.png */,
				61E0BE4116E5DB03003C2DC6 /* list@2x.png */,
				61E0BE3716E5DA45003C2DC6 /* MCSwipeTableViewCell.h */,
				61E0BE3816E5DA45003C2DC6 /* MCSwipeTableViewCell.m */,
			);
			path = MCSwipeTableViewCell;
			sourceTree = "<group>";
		};
		61E5AA4216CDDC8D0068C613 /* PostCreateView */ = {
			isa = PBXGroup;
			children = (
				61E5AA3F16CDDC880068C613 /* PostCreateView.h */,
				61E5AA4016CDDC880068C613 /* PostCreateView.m */,
			);
			name = PostCreateView;
			sourceTree = "<group>";
		};
		78210F741702C5CC005CAF53 /* - Favorite Users List */ = {
			isa = PBXGroup;
			children = (
				78210F751702C768005CAF53 /* FavoritesView.h */,
				78210F761702C768005CAF53 /* FavoritesView.m */,
			);
			name = "- Favorite Users List";
			sourceTree = "<group>";
		};
/* End PBXGroup section */

/* Begin PBXNativeTarget section */
		61C8E58916B258C10039C109 /* Status */ = {
			isa = PBXNativeTarget;
			buildConfigurationList = 61C8E5AE16B258C10039C109 /* Build configuration list for PBXNativeTarget "Status" */;
			buildPhases = (
				61C8E58616B258C10039C109 /* Sources */,
				61C8E58716B258C10039C109 /* Frameworks */,
				61C8E58816B258C10039C109 /* Resources */,
			);
			buildRules = (
			);
			dependencies = (
			);
			name = Status;
			productName = Status;
			productReference = 61C8E58A16B258C10039C109 /* Status.app */;
			productType = "com.apple.product-type.application";
		};
/* End PBXNativeTarget section */

/* Begin PBXProject section */
		61C8E58116B258C10039C109 /* Project object */ = {
			isa = PBXProject;
			attributes = {
				LastUpgradeCheck = 0500;
				ORGANIZATIONNAME = NEXTMARVEL;
			};
			buildConfigurationList = 61C8E58416B258C10039C109 /* Build configuration list for PBXProject "Status" */;
			compatibilityVersion = "Xcode 3.2";
			developmentRegion = English;
			hasScannedForEncodings = 0;
			knownRegions = (
				en,
			);
			mainGroup = 61C8E57F16B258C10039C109;
			productRefGroup = 61C8E58B16B258C10039C109 /* Products */;
			projectDirPath = "";
			projectRoot = "";
			targets = (
				61C8E58916B258C10039C109 /* Status */,
			);
		};
/* End PBXProject section */

/* Begin PBXResourcesBuildPhase section */
		61C8E58816B258C10039C109 /* Resources */ = {
			isa = PBXResourcesBuildPhase;
			buildActionMask = 2147483647;
			files = (
				61C8E59916B258C10039C109 /* InfoPlist.strings in Resources */,
				61C8E5A116B258C10039C109 /* Default.png in Resources */,
				61C8E5A316B258C10039C109 /* Default@2x.png in Resources */,
				618D7224177955C9006016DA /* icon_edit_filter@2x.png in Resources */,
				61C8E5A516B258C10039C109 /* Default-568h@2x.png in Resources */,
				61C8E5B416B259670039C109 /* FacebookSDKResources.bundle in Resources */,
				61E5AA3C16CCCC4B0068C613 /* icon114.png in Resources */,
				619EDB711774A435004874DF /* icon_is_favorite@2x.png in Resources */,
				617BA2BB177187A00096EBB7 /* icon_favorite@2x.png in Resources */,
				617BA2C2177187A00096EBB7 /* icon_unread_active@2x.png in Resources */,
				61E5AA3E16CCCC500068C613 /* icon57.png in Resources */,
				61443A2A16DAC1B50061B700 /* button_grey.png in Resources */,
				61443A2B16DAC1B50061B700 /* button_grey@2x.png in Resources */,
				61443A2E16DAC6E40061B700 /* button_blue.png in Resources */,
				61443A2F16DAC6E40061B700 /* button_blue@2x.png in Resources */,
				614D76FC16E489A100FC6120 /* cellbg.png in Resources */,
				614D76FD16E489A100FC6120 /* cellbg@2x.png in Resources */,
				61E0BE4216E5DB03003C2DC6 /* check.png in Resources */,
				61E0BE4316E5DB03003C2DC6 /* check@2x.png in Resources */,
				61E0BE4416E5DB03003C2DC6 /* clock.png in Resources */,
				61E0BE4516E5DB03003C2DC6 /* clock@2x.png in Resources */,
				61E0BE4616E5DB03003C2DC6 /* cross.png in Resources */,
				619EDB731774A435004874DF /* icon_no_comments@2x.png in Resources */,
				61E0BE4716E5DB03003C2DC6 /* cross@2x.png in Resources */,
				61E0BE4816E5DB03003C2DC6 /* list.png in Resources */,
				61E0BE4916E5DB03003C2DC6 /* list@2x.png in Resources */,
				61E0BE4C16E5E8EA003C2DC6 /* comment_bubble.png in Resources */,
				61BBB73B177C05F200E8649C /* icon_edit_favorite_active@2x.png in Resources */,
				61E0BE4D16E5E8EA003C2DC6 /* comment_bubble@2x.png in Resources */,
				619EDB721774A435004874DF /* icon_has_images@2x.png in Resources */,
				6101FC3816E832DC002F4F6D /* white_x.png in Resources */,
				6101FC3916E832DC002F4F6D /* white_x@2x.png in Resources */,
				6101FC5416E87B41002F4F6D /* grey_x.png in Resources */,
				6101FC5516E87B41002F4F6D /* grey_x@2x.png in Resources */,
				619EDB741774A435004874DF /* icon_has_comments@2x.png in Resources */,
				618D7225177955C9006016DA /* icon_edit_favorite@2x.png in Resources */,
				61BBB73C177C05F200E8649C /* icon_edit_filter_active@2x.png in Resources */,
				61AD5C4316F04D310059EBA1 /* filter_day.png in Resources */,
				61AD5C4416F04D310059EBA1 /* filter_day@2x.png in Resources */,
				61AD5C4516F04D310059EBA1 /* filter_week.png in Resources */,
				617BA2C0177187A00096EBB7 /* icon_home_active@2x.png in Resources */,
				61AD5C4616F04D310059EBA1 /* filter_week@2x.png in Resources */,
				61AD5C4716F04D310059EBA1 /* filter.png in Resources */,
				61AD5C4816F04D310059EBA1 /* filter@2x.png in Resources */,
				617BA2BC177187A00096EBB7 /* icon_favorite_active@2x.png in Resources */,
				617BA2BD177187A00096EBB7 /* icon_filter@2x.png in Resources */,
				619EDB751774A435004874DF /* icon_has_unread@2x.png in Resources */,
				617BA2BF177187A00096EBB7 /* icon_home@2x.png in Resources */,
				61AD5C4916F04D310059EBA1 /* filters.png in Resources */,
				61AD5C4A16F04D310059EBA1 /* visible.png in Resources */,
				61AD5C4B16F04D310059EBA1 /* visible@2x.png in Resources */,
				61C29CA016F18BA300331B6D /* bg_hr.png in Resources */,
				61C29CA116F18BA300331B6D /* bg_hr@2x.png in Resources */,
				61C29CA516F1A13C00331B6D /* back@2x.png in Resources */,
				617BA2C1177187A00096EBB7 /* icon_unread@2x.png in Resources */,
				61D5061216FB68B9002D7E55 /* comment.png in Resources */,
				61D5061316FB68B9002D7E55 /* comment@2x.png in Resources */,
				61C5E0E016FC38C100B6EDEA /* favorites.png in Resources */,
				61C5E0E116FC38C100B6EDEA /* favorites@2x.png in Resources */,
				61D6D21A1753FBFA00D87558 /* auth_header.jpg in Resources */,
				611B74D31761954F00805115 /* back.png in Resources */,
				611B74D61761955D00805115 /* bars.png in Resources */,
				611B74D71761955D00805115 /* bars@2x.png in Resources */,
				617BA2BE177187A00096EBB7 /* icon_filter_active@2x.png in Resources */,
				611AD0F517728FA000752752 /* icon_new_post@2x.png in Resources */,
			);
			runOnlyForDeploymentPostprocessing = 0;
		};
/* End PBXResourcesBuildPhase section */

/* Begin PBXSourcesBuildPhase section */
		61C8E58616B258C10039C109 /* Sources */ = {
			isa = PBXSourcesBuildPhase;
			buildActionMask = 2147483647;
			files = (
				61CEB22D178FCDE70079D045 /* UpgradeHeader.m in Sources */,
				61B43790177E6E98005F26DD /* RevealedView.m in Sources */,
				6162403A1776D4EC00E6B7E6 /* ZKRevealingTableViewCell.m in Sources */,
				61C8E59B16B258C10039C109 /* main.m in Sources */,
				61C8E59F16B258C10039C109 /* AppDelegate.m in Sources */,
				61C8E5A816B258C10039C109 /* ViewController.m in Sources */,
				615E9C8616B3D00600E9DE76 /* UIColor+PD.m in Sources */,
				615E9C8716B3D00600E9DE76 /* UILabel+PD.m in Sources */,
				615E9C8816B3D00600E9DE76 /* UIView+PD.m in Sources */,
				615E9C8E16B451FE00E9DE76 /* FBHelper.m in Sources */,
				6177999016CB3B5A0091F002 /* PostDetailsView.m in Sources */,
				6177999916CB3E490091F002 /* User.m in Sources */,
				6177999C16CB3E550091F002 /* Post.m in Sources */,
				617799A116CB3EEC0091F002 /* TimelineView.m in Sources */,
				61E5AA3A16CCBD290068C613 /* NSMutableArray+PD.m in Sources */,
				61E5AA4116CDDC880068C613 /* PostCreateView.m in Sources */,
				61443A2716DAC17B0061B700 /* UIButton+PD.m in Sources */,
				61FDBD1416E1112A003CC66F /* UITableViewCell+PD.m in Sources */,
				61E0BE3916E5DA45003C2DC6 /* MCSwipeTableViewCell.m in Sources */,
				61C29C9D16F159AD00331B6D /* FilteredUsersView.m in Sources */,
				61C29CAA16F241B400331B6D /* UserAvatarView.m in Sources */,
				78210F6A16FF7F0F005CAF53 /* FeedHelper.m in Sources */,
				61BE8F2B17962B48007D8FB3 /* LearnMoreView.m in Sources */,
				78210F6D16FF7F3E005CAF53 /* FavoritesHelper.m in Sources */,
				78210F7016FF7F49005CAF53 /* UsersHelper.m in Sources */,
				61BE8F2F17962E33007D8FB3 /* HeaderView.m in Sources */,
				78210F7317000D14005CAF53 /* FilterHelper.m in Sources */,
				78210F771702C768005CAF53 /* FavoritesView.m in Sources */,
				61EE9C191730C92E00DF3BD2 /* EditFilterView.m in Sources */,
				619CAAC317402B5700403D40 /* ThumbView.m in Sources */,
				615D1249174C88D4005E734A /* AppHelper.m in Sources */,
				61D6D20C17511F4E00D87558 /* TTTAttributedLabel.m in Sources */,
				61D6D210175127A500D87558 /* TTTAttributedLabelHandler.m in Sources */,
				61D6D2141753E11100D87558 /* AuthView.m in Sources */,
				61B70CF1179B754300B155FD /* UnreadPostsView.m in Sources */,
			);
			runOnlyForDeploymentPostprocessing = 0;
		};
/* End PBXSourcesBuildPhase section */

/* Begin PBXVariantGroup section */
		61C8E59716B258C10039C109 /* InfoPlist.strings */ = {
			isa = PBXVariantGroup;
			children = (
				61C8E59816B258C10039C109 /* en */,
			);
			name = InfoPlist.strings;
			sourceTree = "<group>";
		};
/* End PBXVariantGroup section */

/* Begin XCBuildConfiguration section */
		61C8E5AC16B258C10039C109 /* Debug */ = {
			isa = XCBuildConfiguration;
			buildSettings = {
				ALWAYS_SEARCH_USER_PATHS = NO;
				CLANG_CXX_LANGUAGE_STANDARD = "gnu++0x";
				CLANG_CXX_LIBRARY = "libc++";
				CLANG_WARN_EMPTY_BODY = YES;
				CLANG_WARN__DUPLICATE_METHOD_MATCH = YES;
				"CODE_SIGN_IDENTITY[sdk=iphoneos*]" = "iPhone Developer";
				COPY_PHASE_STRIP = NO;
				GCC_C_LANGUAGE_STANDARD = gnu99;
				GCC_DYNAMIC_NO_PIC = NO;
				GCC_OPTIMIZATION_LEVEL = 0;
				GCC_PREPROCESSOR_DEFINITIONS = (
					"DEBUG=1",
					"$(inherited)",
				);
				GCC_SYMBOLS_PRIVATE_EXTERN = NO;
				GCC_WARN_ABOUT_RETURN_TYPE = YES;
				GCC_WARN_UNINITIALIZED_AUTOS = YES;
				GCC_WARN_UNUSED_VARIABLE = YES;
				IPHONEOS_DEPLOYMENT_TARGET = 6.0;
				ONLY_ACTIVE_ARCH = YES;
				SDKROOT = iphoneos;
			};
			name = Debug;
		};
		61C8E5AD16B258C10039C109 /* Release */ = {
			isa = XCBuildConfiguration;
			buildSettings = {
				ALWAYS_SEARCH_USER_PATHS = NO;
				CLANG_CXX_LANGUAGE_STANDARD = "gnu++0x";
				CLANG_CXX_LIBRARY = "libc++";
				CLANG_WARN_EMPTY_BODY = YES;
				CLANG_WARN__DUPLICATE_METHOD_MATCH = YES;
				"CODE_SIGN_IDENTITY[sdk=iphoneos*]" = "iPhone Developer";
				COPY_PHASE_STRIP = YES;
				GCC_C_LANGUAGE_STANDARD = gnu99;
				GCC_WARN_ABOUT_RETURN_TYPE = YES;
				GCC_WARN_UNINITIALIZED_AUTOS = YES;
				GCC_WARN_UNUSED_VARIABLE = YES;
				IPHONEOS_DEPLOYMENT_TARGET = 6.0;
				OTHER_CFLAGS = "-DNS_BLOCK_ASSERTIONS=1";
				SDKROOT = iphoneos;
				VALIDATE_PRODUCT = YES;
			};
			name = Release;
		};
		61C8E5AF16B258C10039C109 /* Debug */ = {
			isa = XCBuildConfiguration;
			buildSettings = {
				CODE_SIGN_IDENTITY = "iPhone Developer: PAUL DENYA (7874XFG9E4)";
				"CODE_SIGN_IDENTITY[sdk=iphoneos*]" = "iPhone Developer: PAUL DENYA (7874XFG9E4)";
				FRAMEWORK_SEARCH_PATHS = (
					"$(inherited)",
					"\"$(SRCROOT)\"",
				);
				GCC_PRECOMPILE_PREFIX_HEADER = YES;
				GCC_PREFIX_HEADER = "Status/Status-Prefix.pch";
				INFOPLIST_FILE = "Status/Status-Info.plist";
				IPHONEOS_DEPLOYMENT_TARGET = 5.0;
				OTHER_LDFLAGS = (
					"-lsqlite3.0",
					"-ObjC",
				);
				PRODUCT_NAME = Status;
				PROVISIONING_PROFILE = "CE52CFDB-C0A6-426C-815D-1BAE52AFB60D";
				"PROVISIONING_PROFILE[sdk=iphoneos*]" = "CE52CFDB-C0A6-426C-815D-1BAE52AFB60D";
				WRAPPER_EXTENSION = app;
			};
			name = Debug;
		};
		61C8E5B016B258C10039C109 /* Release */ = {
			isa = XCBuildConfiguration;
			buildSettings = {
				CODE_SIGN_IDENTITY = "iPhone Distribution: PAUL DENYA";
				"CODE_SIGN_IDENTITY[sdk=iphoneos*]" = "iPhone Distribution: PAUL DENYA";
				FRAMEWORK_SEARCH_PATHS = (
					"$(inherited)",
					"\"$(SRCROOT)\"",
				);
				GCC_PRECOMPILE_PREFIX_HEADER = YES;
				GCC_PREFIX_HEADER = "Status/Status-Prefix.pch";
				INFOPLIST_FILE = "Status/Status-Info.plist";
				IPHONEOS_DEPLOYMENT_TARGET = 5.0;
				OTHER_LDFLAGS = (
					"-lsqlite3.0",
					"-ObjC",
				);
				PRODUCT_NAME = Status;
				PROVISIONING_PROFILE = "41625B9B-85DE-4C58-BF42-1DFF6B66DBE3";
				"PROVISIONING_PROFILE[sdk=iphoneos*]" = "41625B9B-85DE-4C58-BF42-1DFF6B66DBE3";
				WRAPPER_EXTENSION = app;
			};
			name = Release;
		};
/* End XCBuildConfiguration section */

/* Begin XCConfigurationList section */
		61C8E58416B258C10039C109 /* Build configuration list for PBXProject "Status" */ = {
			isa = XCConfigurationList;
			buildConfigurations = (
				61C8E5AC16B258C10039C109 /* Debug */,
				61C8E5AD16B258C10039C109 /* Release */,
			);
			defaultConfigurationIsVisible = 0;
			defaultConfigurationName = Release;
		};
		61C8E5AE16B258C10039C109 /* Build configuration list for PBXNativeTarget "Status" */ = {
			isa = XCConfigurationList;
			buildConfigurations = (
				61C8E5AF16B258C10039C109 /* Debug */,
				61C8E5B016B258C10039C109 /* Release */,
			);
			defaultConfigurationIsVisible = 0;
			defaultConfigurationName = Release;
		};
/* End XCConfigurationList section */
	};
	rootObject = 61C8E58116B258C10039C109 /* Project object */;
}
